
Microsoft Visual Studio Solution File, Format Version 12.00
# Visual Studio Version 16
VisualStudioVersion = 25.0.1706.14
MinimumVisualStudioVersion = 10.0.40219.1
Project("{FAE04EC0-301F-11D3-BF4B-00C04F79EFBC}") = "ClassicCars", "ClassicCars.csproj", "{0359BF46-C4AC-4082-B376-EE87FDD3C2F6}"
EndProject
Project("{2150E333-8FDC-42A3-9474-1A3956D46DE8}") = "Data", "Data", "{0837A191-F4F2-4D04-855C-8F9ECA2FF12E}"
EndProject
Project("{2150E333-8FDC-42A3-9474-1A3956D46DE8}") = "Services", "Services", "{B3A21136-54BF-4AE5-BC0D-068C09120464}"
EndProject
Project("{2150E333-8FDC-42A3-9474-1A3956D46DE8}") = "Web", "Web", "{F6D70940-4401-49AF-BE29-3A9E2C8A6BE7}"
EndProject
Global
	GlobalSection(SolutionConfigurationPlatforms) = preSolution
		Debug|Any CPU = Debug|Any CPU
		Release|Any CPU = Release|Any CPU
	EndGlobalSection
	GlobalSection(ProjectConfigurationPlatforms) = postSolution
		{0359BF46-C4AC-4082-B376-EE87FDD3C2F6}.Debug|Any CPU.ActiveCfg = Debug|Any CPU
		{0359BF46-C4AC-4082-B376-EE87FDD3C2F6}.Debug|Any CPU.Build.0 = Debug|Any CPU
		{0359BF46-C4AC-4082-B376-EE87FDD3C2F6}.Release|Any CPU.ActiveCfg = Release|Any CPU
		{0359BF46-C4AC-4082-B376-EE87FDD3C2F6}.Release|Any CPU.Build.0 = Release|Any CPU
	EndGlobalSection
	GlobalSection(SolutionProperties) = preSolution
		HideSolutionNode = FALSE
	EndGlobalSection
	GlobalSection(ExtensibilityGlobals) = postSolution
		SolutionGuid = {D7216D90-F8AD-4370-B737-2C61E9CCBA10}
	EndGlobalSection
EndGlobal
